
Microsoft Visual Studio Solution File, Format Version 12.00
# Visual Studio Version 16
VisualStudioVersion = 16.0.30804.86
MinimumVisualStudioVersion = 10.0.40219.1
Project("{FAE04EC0-301F-11D3-BF4B-00C04F79EFBC}") = "AvaloniaSampleBinding", "AvaloniaSampleBinding\AvaloniaSampleBinding.csproj", "{BDFFD960-4627-4EC4-B472-A140692694D3}"
EndProject
Global
	GlobalSection(SolutionConfigurationPlatforms) = preSolution
		Debug|Any CPU = Debug|Any CPU
		Release|Any CPU = Release|Any CPU
	EndGlobalSection
	GlobalSection(ProjectConfigurationPlatforms) = postSolution
		{BDFFD960-4627-4EC4-B472-A140692694D3}.Debug|Any CPU.ActiveCfg = Debug|Any CPU
		{BDFFD960-4627-4EC4-B472-A140692694D3}.Debug|Any CPU.Build.0 = Debug|Any CPU
		{BDFFD960-4627-4EC4-B472-A140692694D3}.Release|Any CPU.ActiveCfg = Release|Any CPU
		{BDFFD960-4627-4EC4-B472-A140692694D3}.Release|Any CPU.Build.0 = Release|Any CPU
	EndGlobalSection
	GlobalSection(SolutionProperties) = preSolution
		HideSolutionNode = FALSE
	EndGlobalSection
	GlobalSection(ExtensibilityGlobals) = postSolution
		SolutionGuid = {4369690F-13EA-46C5-803F-76F71A88432E}
	EndGlobalSection
EndGlobal
